// !$*UTF8*$!
{
	archiveVersion = 1;
	classes = {
	};
	objectVersion = 46;
	objects = {

/* Begin PBXBuildFile section */
		B4FE75EC1C631DAA003BC527 /* AppDelegate.swift in Sources */ = {isa = PBXBuildFile; fileRef = B4FE75EB1C631DAA003BC527 /* AppDelegate.swift */; };
		B4FE75EE1C631DAA003BC527 /* ViewController.swift in Sources */ = {isa = PBXBuildFile; fileRef = B4FE75ED1C631DAA003BC527 /* ViewController.swift */; };
		B4FE75F11C631DAA003BC527 /* Main.storyboard in Resources */ = {isa = PBXBuildFile; fileRef = B4FE75EF1C631DAA003BC527 /* Main.storyboard */; };
		B4FE75F31C631DAA003BC527 /* Assets.xcassets in Resources */ = {isa = PBXBuildFile; fileRef = B4FE75F21C631DAA003BC527 /* Assets.xcassets */; };
		B4FE75F61C631DAA003BC527 /* LaunchScreen.storyboard in Resources */ = {isa = PBXBuildFile; fileRef = B4FE75F41C631DAA003BC527 /* LaunchScreen.storyboard */; };
		B4FE75FE1C63213A003BC527 /* pokemon.csv in Resources */ = {isa = PBXBuildFile; fileRef = B4FE75FD1C63213A003BC527 /* pokemon.csv */; };
		B4FE76011C63B635003BC527 /* Pokemon.swift in Sources */ = {isa = PBXBuildFile; fileRef = B4FE76001C63B635003BC527 /* Pokemon.swift */; };
		B4FE76041C63DD20003BC527 /* PokeCellCollectionViewCell.swift in Sources */ = {isa = PBXBuildFile; fileRef = B4FE76031C63DD20003BC527 /* PokeCellCollectionViewCell.swift */; };
/* End PBXBuildFile section */

/* Begin PBXFileReference section */
		B4FE75E81C631DAA003BC527 /* pokedex.app */ = {isa = PBXFileReference; explicitFileType = wrapper.application; includeInIndex = 0; path = pokedex.app; sourceTree = BUILT_PRODUCTS_DIR; };
		B4FE75EB1C631DAA003BC527 /* AppDelegate.swift */ = {isa = PBXFileReference; lastKnownFileType = sourcecode.swift; path = AppDelegate.swift; sourceTree = "<group>"; };
		B4FE75ED1C631DAA003BC527 /* ViewController.swift */ = {isa = PBXFileReference; lastKnownFileType = sourcecode.swift; path = ViewController.swift; sourceTree = "<group>"; };
		B4FE75F01C631DAA003BC527 /* Base */ = {isa = PBXFileReference; lastKnownFileType = file.storyboard; name = Base; path = Base.lproj/Main.storyboard; sourceTree = "<group>"; };
		B4FE75F21C631DAA003BC527 /* Assets.xcassets */ = {isa = PBXFileReference; lastKnownFileType = folder.assetcatalog; path = Assets.xcassets; sourceTree = "<group>"; };
		B4FE75F51C631DAA003BC527 /* Base */ = {isa = PBXFileReference; lastKnownFileType = file.storyboard; name = Base; path = Base.lproj/LaunchScreen.storyboard; sourceTree = "<group>"; };
		B4FE75F71C631DAA003BC527 /* Info.plist */ = {isa = PBXFileReference; lastKnownFileType = text.plist.xml; path = Info.plist; sourceTree = "<group>"; };
		B4FE75FD1C63213A003BC527 /* pokemon.csv */ = {isa = PBXFileReference; fileEncoding = 4; lastKnownFileType = text; path = pokemon.csv; sourceTree = "<group>"; };
		B4FE76001C63B635003BC527 /* Pokemon.swift */ = {isa = PBXFileReference; fileEncoding = 4; lastKnownFileType = sourcecode.swift; path = Pokemon.swift; sourceTree = "<group>"; };
		B4FE76031C63DD20003BC527 /* PokeCellCollectionViewCell.swift */ = {isa = PBXFileReference; fileEncoding = 4; lastKnownFileType = sourcecode.swift; path = PokeCellCollectionViewCell.swift; sourceTree = "<group>"; };
/* End PBXFileReference section */

/* Begin PBXFrameworksBuildPhase section */
		B4FE75E51C631DAA003BC527 /* Frameworks */ = {
			isa = PBXFrameworksBuildPhase;
			buildActionMask = 2147483647;
			files = (
			);
			runOnlyForDeploymentPostprocessing = 0;
		};
/* End PBXFrameworksBuildPhase section */

/* Begin PBXGroup section */
		B4FE75DF1C631DAA003BC527 = {
			isa = PBXGroup;
			children = (
				B4FE75EA1C631DAA003BC527 /* pokedex */,
				B4FE75E91C631DAA003BC527 /* Products */,
			);
			sourceTree = "<group>";
		};
		B4FE75E91C631DAA003BC527 /* Products */ = {
			isa = PBXGroup;
			children = (
				B4FE75E81C631DAA003BC527 /* pokedex.app */,
			);
			name = Products;
			sourceTree = "<group>";
		};
		B4FE75EA1C631DAA003BC527 /* pokedex */ = {
			isa = PBXGroup;
			children = (
				B4FE75FF1C63B443003BC527 /* Model */,
				B4FE75EB1C631DAA003BC527 /* AppDelegate.swift */,
				B4FE75ED1C631DAA003BC527 /* ViewController.swift */,
				B4FE75EF1C631DAA003BC527 /* Main.storyboard */,
				B4FE75F21C631DAA003BC527 /* Assets.xcassets */,
				B4FE75F41C631DAA003BC527 /* LaunchScreen.storyboard */,
				B4FE75FD1C63213A003BC527 /* pokemon.csv */,
				B4FE75F71C631DAA003BC527 /* Info.plist */,
			);
			path = pokedex;
			sourceTree = "<group>";
		};
		B4FE75FF1C63B443003BC527 /* Model */ = {
			isa = PBXGroup;
			children = (
				B4FE76001C63B635003BC527 /* Pokemon.swift */,
				B4FE76021C63DCF2003BC527 /* View */,
			);
			name = Model;
			sourceTree = "<group>";
		};
		B4FE76021C63DCF2003BC527 /* View */ = {
			isa = PBXGroup;
			children = (
				B4FE76031C63DD20003BC527 /* PokeCellCollectionViewCell.swift */,
			);
			name = View;
			sourceTree = "<group>";
		};
/* End PBXGroup section */

/* Begin PBXNativeTarget section */
		B4FE75E71C631DAA003BC527 /* pokedex */ = {
			isa = PBXNativeTarget;
			buildConfigurationList = B4FE75FA1C631DAA003BC527 /* Build configuration list for PBXNativeTarget "pokedex" */;
			buildPhases = (
				B4FE75E41C631DAA003BC527 /* Sources */,
				B4FE75E51C631DAA003BC527 /* Frameworks */,
				B4FE75E61C631DAA003BC527 /* Resources */,
			);
			buildRules = (
			);
			dependencies = (
			);
			name = pokedex;
			productName = pokedex;
			productReference = B4FE75E81C631DAA003BC527 /* pokedex.app */;
			productType = "com.apple.product-type.application";
		};
/* End PBXNativeTarget section */

/* Begin PBXProject section */
		B4FE75E01C631DAA003BC527 /* Project object */ = {
			isa = PBXProject;
			attributes = {
				LastSwiftUpdateCheck = 0720;
				LastUpgradeCheck = 0720;
				ORGANIZATIONNAME = "Hayden Malcomson";
				TargetAttributes = {
					B4FE75E71C631DAA003BC527 = {
						CreatedOnToolsVersion = 7.2.1;
					};
				};
			};
			buildConfigurationList = B4FE75E31C631DAA003BC527 /* Build configuration list for PBXProject "pokedex" */;
			compatibilityVersion = "Xcode 3.2";
			developmentRegion = English;
			hasScannedForEncodings = 0;
			knownRegions = (
				en,
				Base,
			);
			mainGroup = B4FE75DF1C631DAA003BC527;
			productRefGroup = B4FE75E91C631DAA003BC527 /* Products */;
			projectDirPath = "";
			projectRoot = "";
			targets = (
				B4FE75E71C631DAA003BC527 /* pokedex */,
			);
		};
/* End PBXProject section */

/* Begin PBXResourcesBuildPhase section */
		B4FE75E61C631DAA003BC527 /* Resources */ = {
			isa = PBXResourcesBuildPhase;
			buildActionMask = 2147483647;
			files = (
				B4FE75F61C631DAA003BC527 /* LaunchScreen.storyboard in Resources */,
				B4FE75F31C631DAA003BC527 /* Assets.xcassets in Resources */,
				B4FE75FE1C63213A003BC527 /* pokemon.csv in Resources */,
				B4FE75F11C631DAA003BC527 /* Main.storyboard in Resources */,
			);
			runOnlyForDeploymentPostprocessing = 0;
		};
/* End PBXResourcesBuildPhase section */

/* Begin PBXSourcesBuildPhase section */
		B4FE75E41C631DAA003BC527 /* Sources */ = {
			isa = PBXSourcesBuildPhase;
			buildActionMask = 2147483647;
			files = (
				B4FE75EE1C631DAA003BC527 /* ViewController.swift in Sources */,
				B4FE75EC1C631DAA003BC527 /* AppDelegate.swift in Sources */,
				B4FE76041C63DD20003BC527 /* PokeCellCollectionViewCell.swift in Sources */,
				B4FE76011C63B635003BC527 /* Pokemon.swift in Sources */,
			);
			runOnlyForDeploymentPostprocessing = 0;
		};
/* End PBXSourcesBuildPhase section */

/* Begin PBXVariantGroup section */
		B4FE75EF1C631DAA003BC527 /* Main.storyboard */ = {
			isa = PBXVariantGroup;
			children = (
				B4FE75F01C631DAA003BC527 /* Base */,
			);
			name = Main.storyboard;
			sourceTree = "<group>";
		};
		B4FE75F41C631DAA003BC527 /* LaunchScreen.storyboard */ = {
			isa = PBXVariantGroup;
			children = (
				B4FE75F51C631DAA003BC527 /* Base */,
			);
			name = LaunchScreen.storyboard;
			sourceTree = "<group>";
		};
/* End PBXVariantGroup section */

/* Begin XCBuildConfiguration section */
		B4FE75F81C631DAA003BC527 /* Debug */ = {
			isa = XCBuildConfiguration;
			buildSettings = {
				ALWAYS_SEARCH_USER_PATHS = NO;
				CLANG_CXX_LANGUAGE_STANDARD = "gnu++0x";
				CLANG_CXX_LIBRARY = "libc++";
				CLANG_ENABLE_MODULES = YES;
				CLANG_ENABLE_OBJC_ARC = YES;
				CLANG_WARN_BOOL_CONVERSION = YES;
				CLANG_WARN_CONSTANT_CONVERSION = YES;
				CLANG_WARN_DIRECT_OBJC_ISA_USAGE = YES_ERROR;
				CLANG_WARN_EMPTY_BODY = YES;
				CLANG_WARN_ENUM_CONVERSION = YES;
				CLANG_WARN_INT_CONVERSION = YES;
				CLANG_WARN_OBJC_ROOT_CLASS = YES_ERROR;
				CLANG_WARN_UNREACHABLE_CODE = YES;
				CLANG_WARN__DUPLICATE_METHOD_MATCH = YES;
				"CODE_SIGN_IDENTITY[sdk=iphoneos*]" = "iPhone Developer";
				COPY_PHASE_STRIP = NO;
				DEBUG_INFORMATION_FORMAT = dwarf;
				ENABLE_STRICT_OBJC_MSGSEND = YES;
				ENABLE_TESTABILITY = YES;
				GCC_C_LANGUAGE_STANDARD = gnu99;
				GCC_DYNAMIC_NO_PIC = NO;
				GCC_NO_COMMON_BLOCKS = YES;
				GCC_OPTIMIZATION_LEVEL = 0;
				GCC_PREPROCESSOR_DEFINITIONS = (
					"DEBUG=1",
					"$(inherited)",
				);
				GCC_WARN_64_TO_32_BIT_CONVERSION = YES;
				GCC_WARN_ABOUT_RETURN_TYPE = YES_ERROR;
				GCC_WARN_UNDECLARED_SELECTOR = YES;
				GCC_WARN_UNINITIALIZED_AUTOS = YES_AGGRESSIVE;
				GCC_WARN_UNUSED_FUNCTION = YES;
				GCC_WARN_UNUSED_VARIABLE = YES;
				IPHONEOS_DEPLOYMENT_TARGET = 9.2;
				MTL_ENABLE_DEBUG_INFO = YES;
				ONLY_ACTIVE_ARCH = YES;
				SDKROOT = iphoneos;
				SWIFT_OPTIMIZATION_LEVEL = "-Onone";
				TARGETED_DEVICE_FAMILY = "1,2";
			};
			name = Debug;
		};
		B4FE75F91C631DAA003BC527 /* Release */ = {
			isa = XCBuildConfiguration;
			buildSettings = {
				ALWAYS_SEARCH_USER_PATHS = NO;
				CLANG_CXX_LANGUAGE_STANDARD = "gnu++0x";
				CLANG_CXX_LIBRARY = "libc++";
				CLANG_ENABLE_MODULES = YES;
				CLANG_ENABLE_OBJC_ARC = YES;
				CLANG_WARN_BOOL_CONVERSION = YES;
				CLANG_WARN_CONSTANT_CONVERSION = YES;
				CLANG_WARN_DIRECT_OBJC_ISA_USAGE = YES_ERROR;
				CLANG_WARN_EMPTY_BODY = YES;
				CLANG_WARN_ENUM_CONVERSION = YES;
				CLANG_WARN_INT_CONVERSION = YES;
				CLANG_WARN_OBJC_ROOT_CLASS = YES_ERROR;
				CLANG_WARN_UNREACHABLE_CODE = YES;
				CLANG_WARN__DUPLICATE_METHOD_MATCH = YES;
				"CODE_SIGN_IDENTITY[sdk=iphoneos*]" = "iPhone Developer";
				COPY_PHASE_STRIP = NO;
				DEBUG_INFORMATION_FORMAT = "dwarf-with-dsym";
				ENABLE_NS_ASSERTIONS = NO;
				ENABLE_STRICT_OBJC_MSGSEND = YES;
				GCC_C_LANGUAGE_STANDARD = gnu99;
				GCC_NO_COMMON_BLOCKS = YES;
				GCC_WARN_64_TO_32_BIT_CONVERSION = YES;
				GCC_WARN_ABOUT_RETURN_TYPE = YES_ERROR;
				GCC_WARN_UNDECLARED_SELECTOR = YES;
				GCC_WARN_UNINITIALIZED_AUTOS = YES_AGGRESSIVE;
				GCC_WARN_UNUSED_FUNCTION = YES;
				GCC_WARN_UNUSED_VARIABLE = YES;
				IPHONEOS_DEPLOYMENT_TARGET = 9.2;
				MTL_ENABLE_DEBUG_INFO = NO;
				SDKROOT = iphoneos;
				TARGETED_DEVICE_FAMILY = "1,2";
				VALIDATE_PRODUCT = YES;
			};
			name = Release;
		};
		B4FE75FB1C631DAA003BC527 /* Debug */ = {
			isa = XCBuildConfiguration;
			buildSettings = {
				ASSETCATALOG_COMPILER_APPICON_NAME = AppIcon;
				INFOPLIST_FILE = pokedex/Info.plist;
				LD_RUNPATH_SEARCH_PATHS = "$(inherited) @executable_path/Frameworks";
				PRODUCT_BUNDLE_IDENTIFIER = com.hmalc.pokedex;
				PRODUCT_NAME = "$(TARGET_NAME)";
			};
			name = Debug;
		};
		B4FE75FC1C631DAA003BC527 /* Release */ = {
			isa = XCBuildConfiguration;
			buildSettings = {
				ASSETCATALOG_COMPILER_APPICON_NAME = AppIcon;
				INFOPLIST_FILE = pokedex/Info.plist;
				LD_RUNPATH_SEARCH_PATHS = "$(inherited) @executable_path/Frameworks";
				PRODUCT_BUNDLE_IDENTIFIER = com.hmalc.pokedex;
				PRODUCT_NAME = "$(TARGET_NAME)";
			};
			name = Release;
		};
/* End XCBuildConfiguration section */

/* Begin XCConfigurationList section */
		B4FE75E31C631DAA003BC527 /* Build configuration list for PBXProject "pokedex" */ = {
			isa = XCConfigurationList;
			buildConfigurations = (
				B4FE75F81C631DAA003BC527 /* Debug */,
				B4FE75F91C631DAA003BC527 /* Release */,
			);
			defaultConfigurationIsVisible = 0;
			defaultConfigurationName = Release;
		};
		B4FE75FA1C631DAA003BC527 /* Build configuration list for PBXNativeTarget "pokedex" */ = {
			isa = XCConfigurationList;
			buildConfigurations = (
				B4FE75FB1C631DAA003BC527 /* Debug */,
				B4FE75FC1C631DAA003BC527 /* Release */,
			);
			defaultConfigurationIsVisible = 0;
		};
/* End XCConfigurationList section */
	};
	rootObject = B4FE75E01C631DAA003BC527 /* Project object */;
}
